
Microsoft Visual Studio Solution File, Format Version 12.00
# Visual Studio Version 16
VisualStudioVersion = 16.0.30621.155
MinimumVisualStudioVersion = 10.0.40219.1
Project("{FAE04EC0-301F-11D3-BF4B-00C04F79EFBC}") = "DemoGritLogin", "DemoGritLogin\DemoGritLogin.csproj", "{94931993-5D47-4938-80F2-97A5C04CDB8A}"
EndProject
Project("{9A19103F-16F7-4668-BE54-9A1E7A4F7556}") = "GritLibrary", "GritLibrary\GritLibrary.csproj", "{31A2BD80-9AEF-4212-B638-D9F4796E7EC7}"
EndProject
Project("{FAE04EC0-301F-11D3-BF4B-00C04F79EFBC}") = "GritTests", "GritTests\GritTests.csproj", "{9895F01C-9AC7-4973-B17B-2761B86683CB}"
EndProject
Global
	GlobalSection(SolutionConfigurationPlatforms) = preSolution
		Debug|Any CPU = Debug|Any CPU
		Release|Any CPU = Release|Any CPU
	EndGlobalSection
	GlobalSection(ProjectConfigurationPlatforms) = postSolution
		{94931993-5D47-4938-80F2-97A5C04CDB8A}.Debug|Any CPU.ActiveCfg = Debug|Any CPU
		{94931993-5D47-4938-80F2-97A5C04CDB8A}.Debug|Any CPU.Build.0 = Debug|Any CPU
		{94931993-5D47-4938-80F2-97A5C04CDB8A}.Release|Any CPU.ActiveCfg = Release|Any CPU
		{94931993-5D47-4938-80F2-97A5C04CDB8A}.Release|Any CPU.Build.0 = Release|Any CPU
		{31A2BD80-9AEF-4212-B638-D9F4796E7EC7}.Debug|Any CPU.ActiveCfg = Debug|Any CPU
		{31A2BD80-9AEF-4212-B638-D9F4796E7EC7}.Debug|Any CPU.Build.0 = Debug|Any CPU
		{31A2BD80-9AEF-4212-B638-D9F4796E7EC7}.Release|Any CPU.ActiveCfg = Release|Any CPU
		{31A2BD80-9AEF-4212-B638-D9F4796E7EC7}.Release|Any CPU.Build.0 = Release|Any CPU
		{9895F01C-9AC7-4973-B17B-2761B86683CB}.Debug|Any CPU.ActiveCfg = Debug|Any CPU
		{9895F01C-9AC7-4973-B17B-2761B86683CB}.Debug|Any CPU.Build.0 = Debug|Any CPU
		{9895F01C-9AC7-4973-B17B-2761B86683CB}.Release|Any CPU.ActiveCfg = Release|Any CPU
		{9895F01C-9AC7-4973-B17B-2761B86683CB}.Release|Any CPU.Build.0 = Release|Any CPU
	EndGlobalSection
	GlobalSection(SolutionProperties) = preSolution
		HideSolutionNode = FALSE
	EndGlobalSection
	GlobalSection(ExtensibilityGlobals) = postSolution
		SolutionGuid = {8A37A5F2-51EF-4FC3-9211-AD62A23674B8}
	EndGlobalSection
EndGlobal
